
Microsoft Visual Studio Solution File, Format Version 12.00
# Visual Studio Version 16
VisualStudioVersion = 16.0.30011.22
MinimumVisualStudioVersion = 10.0.40219.1
Project("{9A19103F-16F7-4668-BE54-9A1E7A4F7556}") = "Delegates", "Delegates\Delegates.csproj", "{0CEC94F8-C8D2-4F68-8C9B-81B4FA47E115}"
EndProject
Project("{9A19103F-16F7-4668-BE54-9A1E7A4F7556}") = "MultiDelegate", "MultiDelegate\MultiDelegate.csproj", "{7EEDAEA0-DE07-433D-A0CD-A466A46025D9}"
EndProject
Project("{9A19103F-16F7-4668-BE54-9A1E7A4F7556}") = "MultiDelegateReturningValue", "MultiDelegateReturningValue\MultiDelegateReturningValue.csproj", "{790E24F0-D145-4EA7-8A21-5AF4774A4957}"
EndProject
Project("{9A19103F-16F7-4668-BE54-9A1E7A4F7556}") = "GenericDelegate", "GenericDelegate\GenericDelegate.csproj", "{E6897440-7F41-47B1-B2D4-D94C4FD2B419}"
EndProject
Project("{9A19103F-16F7-4668-BE54-9A1E7A4F7556}") = "Struct", "Struct\Struct.csproj", "{7A73300B-D308-4F47-B625-414C956E26F0}"
EndProject
Project("{9A19103F-16F7-4668-BE54-9A1E7A4F7556}") = "StaticConstructor_Struct", "StaticConstructor_Struct\StaticConstructor_Struct.csproj", "{F75A7EE9-01BB-4A81-9A24-F735265C6801}"
EndProject
Project("{9A19103F-16F7-4668-BE54-9A1E7A4F7556}") = "EventInStruct", "EventInStruct\EventInStruct.csproj", "{BB569DEB-640A-4C7B-9F70-078EC49901F0}"
EndProject
Project("{9A19103F-16F7-4668-BE54-9A1E7A4F7556}") = "Array List", "Collections\Array List.csproj", "{42309723-49F3-4DF9-B00E-7F25E90F8326}"
EndProject
Project("{9A19103F-16F7-4668-BE54-9A1E7A4F7556}") = "Sorted List", "Sorted List\Sorted List.csproj", "{A057AA52-F77B-458A-BCAA-AC9EE6B94DF2}"
EndProject
Project("{FAE04EC0-301F-11D3-BF4B-00C04F79EFBC}") = "TupleBasics", "TupleBasics\TupleBasics.csproj", "{3610EFA3-BF5D-4579-A63F-2C0A4722FCE1}"
EndProject
Project("{FAE04EC0-301F-11D3-BF4B-00C04F79EFBC}") = "Value Tuple", "Value Tuple\Value Tuple.csproj", "{F3727855-74E7-438B-8255-F2E80690BEF6}"
EndProject
Project("{FAE04EC0-301F-11D3-BF4B-00C04F79EFBC}") = "Hash Table", "Hash Table\Hash Table.csproj", "{3BA21BDA-59DD-46E1-B884-79B9B050910A}"
EndProject
Global
	GlobalSection(SolutionConfigurationPlatforms) = preSolution
		Debug|Any CPU = Debug|Any CPU
		Release|Any CPU = Release|Any CPU
	EndGlobalSection
	GlobalSection(ProjectConfigurationPlatforms) = postSolution
		{0CEC94F8-C8D2-4F68-8C9B-81B4FA47E115}.Debug|Any CPU.ActiveCfg = Debug|Any CPU
		{0CEC94F8-C8D2-4F68-8C9B-81B4FA47E115}.Debug|Any CPU.Build.0 = Debug|Any CPU
		{0CEC94F8-C8D2-4F68-8C9B-81B4FA47E115}.Release|Any CPU.ActiveCfg = Release|Any CPU
		{0CEC94F8-C8D2-4F68-8C9B-81B4FA47E115}.Release|Any CPU.Build.0 = Release|Any CPU
		{7EEDAEA0-DE07-433D-A0CD-A466A46025D9}.Debug|Any CPU.ActiveCfg = Debug|Any CPU
		{7EEDAEA0-DE07-433D-A0CD-A466A46025D9}.Debug|Any CPU.Build.0 = Debug|Any CPU
		{7EEDAEA0-DE07-433D-A0CD-A466A46025D9}.Release|Any CPU.ActiveCfg = Release|Any CPU
		{7EEDAEA0-DE07-433D-A0CD-A466A46025D9}.Release|Any CPU.Build.0 = Release|Any CPU
		{790E24F0-D145-4EA7-8A21-5AF4774A4957}.Debug|Any CPU.ActiveCfg = Debug|Any CPU
		{790E24F0-D145-4EA7-8A21-5AF4774A4957}.Debug|Any CPU.Build.0 = Debug|Any CPU
		{790E24F0-D145-4EA7-8A21-5AF4774A4957}.Release|Any CPU.ActiveCfg = Release|Any CPU
		{790E24F0-D145-4EA7-8A21-5AF4774A4957}.Release|Any CPU.Build.0 = Release|Any CPU
		{E6897440-7F41-47B1-B2D4-D94C4FD2B419}.Debug|Any CPU.ActiveCfg = Debug|Any CPU
		{E6897440-7F41-47B1-B2D4-D94C4FD2B419}.Debug|Any CPU.Build.0 = Debug|Any CPU
		{E6897440-7F41-47B1-B2D4-D94C4FD2B419}.Release|Any CPU.ActiveCfg = Release|Any CPU
		{E6897440-7F41-47B1-B2D4-D94C4FD2B419}.Release|Any CPU.Build.0 = Release|Any CPU
		{7A73300B-D308-4F47-B625-414C956E26F0}.Debug|Any CPU.ActiveCfg = Debug|Any CPU
		{7A73300B-D308-4F47-B625-414C956E26F0}.Debug|Any CPU.Build.0 = Debug|Any CPU
		{7A73300B-D308-4F47-B625-414C956E26F0}.Release|Any CPU.ActiveCfg = Release|Any CPU
		{7A73300B-D308-4F47-B625-414C956E26F0}.Release|Any CPU.Build.0 = Release|Any CPU
		{F75A7EE9-01BB-4A81-9A24-F735265C6801}.Debug|Any CPU.ActiveCfg = Debug|Any CPU
		{F75A7EE9-01BB-4A81-9A24-F735265C6801}.Debug|Any CPU.Build.0 = Debug|Any CPU
		{F75A7EE9-01BB-4A81-9A24-F735265C6801}.Release|Any CPU.ActiveCfg = Release|Any CPU
		{F75A7EE9-01BB-4A81-9A24-F735265C6801}.Release|Any CPU.Build.0 = Release|Any CPU
		{BB569DEB-640A-4C7B-9F70-078EC49901F0}.Debug|Any CPU.ActiveCfg = Debug|Any CPU
		{BB569DEB-640A-4C7B-9F70-078EC49901F0}.Debug|Any CPU.Build.0 = Debug|Any CPU
		{BB569DEB-640A-4C7B-9F70-078EC49901F0}.Release|Any CPU.ActiveCfg = Release|Any CPU
		{BB569DEB-640A-4C7B-9F70-078EC49901F0}.Release|Any CPU.Build.0 = Release|Any CPU
		{42309723-49F3-4DF9-B00E-7F25E90F8326}.Debug|Any CPU.ActiveCfg = Debug|Any CPU
		{42309723-49F3-4DF9-B00E-7F25E90F8326}.Debug|Any CPU.Build.0 = Debug|Any CPU
		{42309723-49F3-4DF9-B00E-7F25E90F8326}.Release|Any CPU.ActiveCfg = Release|Any CPU
		{42309723-49F3-4DF9-B00E-7F25E90F8326}.Release|Any CPU.Build.0 = Release|Any CPU
		{A057AA52-F77B-458A-BCAA-AC9EE6B94DF2}.Debug|Any CPU.ActiveCfg = Debug|Any CPU
		{A057AA52-F77B-458A-BCAA-AC9EE6B94DF2}.Debug|Any CPU.Build.0 = Debug|Any CPU
		{A057AA52-F77B-458A-BCAA-AC9EE6B94DF2}.Release|Any CPU.ActiveCfg = Release|Any CPU
		{A057AA52-F77B-458A-BCAA-AC9EE6B94DF2}.Release|Any CPU.Build.0 = Release|Any CPU
		{3610EFA3-BF5D-4579-A63F-2C0A4722FCE1}.Debug|Any CPU.ActiveCfg = Debug|Any CPU
		{3610EFA3-BF5D-4579-A63F-2C0A4722FCE1}.Debug|Any CPU.Build.0 = Debug|Any CPU
		{3610EFA3-BF5D-4579-A63F-2C0A4722FCE1}.Release|Any CPU.ActiveCfg = Release|Any CPU
		{3610EFA3-BF5D-4579-A63F-2C0A4722FCE1}.Release|Any CPU.Build.0 = Release|Any CPU
		{F3727855-74E7-438B-8255-F2E80690BEF6}.Debug|Any CPU.ActiveCfg = Debug|Any CPU
		{F3727855-74E7-438B-8255-F2E80690BEF6}.Debug|Any CPU.Build.0 = Debug|Any CPU
		{F3727855-74E7-438B-8255-F2E80690BEF6}.Release|Any CPU.ActiveCfg = Release|Any CPU
		{F3727855-74E7-438B-8255-F2E80690BEF6}.Release|Any CPU.Build.0 = Release|Any CPU
		{3BA21BDA-59DD-46E1-B884-79B9B050910A}.Debug|Any CPU.ActiveCfg = Debug|Any CPU
		{3BA21BDA-59DD-46E1-B884-79B9B050910A}.Debug|Any CPU.Build.0 = Debug|Any CPU
		{3BA21BDA-59DD-46E1-B884-79B9B050910A}.Release|Any CPU.ActiveCfg = Release|Any CPU
		{3BA21BDA-59DD-46E1-B884-79B9B050910A}.Release|Any CPU.Build.0 = Release|Any CPU
	EndGlobalSection
	GlobalSection(SolutionProperties) = preSolution
		HideSolutionNode = FALSE
	EndGlobalSection
	GlobalSection(ExtensibilityGlobals) = postSolution
		SolutionGuid = {80059088-58F4-4301-B601-8E3F3373B653}
	EndGlobalSection
EndGlobal
