
Microsoft Visual Studio Solution File, Format Version 12.00
# Visual Studio Version 16
VisualStudioVersion = 16.0.30011.22
MinimumVisualStudioVersion = 10.0.40219.1
Project("{9A19103F-16F7-4668-BE54-9A1E7A4F7556}") = "Delegates", "Delegates\Delegates.csproj", "{0CEC94F8-C8D2-4F68-8C9B-81B4FA47E115}"
EndProject
Project("{FAE04EC0-301F-11D3-BF4B-00C04F79EFBC}") = "MultiDelegate", "MultiDelegate\MultiDelegate.csproj", "{7EEDAEA0-DE07-433D-A0CD-A466A46025D9}"
EndProject
Project("{FAE04EC0-301F-11D3-BF4B-00C04F79EFBC}") = "MultiDelegateReturningValue", "MultiDelegateReturningValue\MultiDelegateReturningValue.csproj", "{790E24F0-D145-4EA7-8A21-5AF4774A4957}"
EndProject
Project("{FAE04EC0-301F-11D3-BF4B-00C04F79EFBC}") = "GenericDelegate", "GenericDelegate\GenericDelegate.csproj", "{E6897440-7F41-47B1-B2D4-D94C4FD2B419}"
EndProject
Global
	GlobalSection(SolutionConfigurationPlatforms) = preSolution
		Debug|Any CPU = Debug|Any CPU
		Release|Any CPU = Release|Any CPU
	EndGlobalSection
	GlobalSection(ProjectConfigurationPlatforms) = postSolution
		{0CEC94F8-C8D2-4F68-8C9B-81B4FA47E115}.Debug|Any CPU.ActiveCfg = Debug|Any CPU
		{0CEC94F8-C8D2-4F68-8C9B-81B4FA47E115}.Debug|Any CPU.Build.0 = Debug|Any CPU
		{0CEC94F8-C8D2-4F68-8C9B-81B4FA47E115}.Release|Any CPU.ActiveCfg = Release|Any CPU
		{0CEC94F8-C8D2-4F68-8C9B-81B4FA47E115}.Release|Any CPU.Build.0 = Release|Any CPU
		{7EEDAEA0-DE07-433D-A0CD-A466A46025D9}.Debug|Any CPU.ActiveCfg = Debug|Any CPU
		{7EEDAEA0-DE07-433D-A0CD-A466A46025D9}.Debug|Any CPU.Build.0 = Debug|Any CPU
		{7EEDAEA0-DE07-433D-A0CD-A466A46025D9}.Release|Any CPU.ActiveCfg = Release|Any CPU
		{7EEDAEA0-DE07-433D-A0CD-A466A46025D9}.Release|Any CPU.Build.0 = Release|Any CPU
		{790E24F0-D145-4EA7-8A21-5AF4774A4957}.Debug|Any CPU.ActiveCfg = Debug|Any CPU
		{790E24F0-D145-4EA7-8A21-5AF4774A4957}.Debug|Any CPU.Build.0 = Debug|Any CPU
		{790E24F0-D145-4EA7-8A21-5AF4774A4957}.Release|Any CPU.ActiveCfg = Release|Any CPU
		{790E24F0-D145-4EA7-8A21-5AF4774A4957}.Release|Any CPU.Build.0 = Release|Any CPU
		{E6897440-7F41-47B1-B2D4-D94C4FD2B419}.Debug|Any CPU.ActiveCfg = Debug|Any CPU
		{E6897440-7F41-47B1-B2D4-D94C4FD2B419}.Debug|Any CPU.Build.0 = Debug|Any CPU
		{E6897440-7F41-47B1-B2D4-D94C4FD2B419}.Release|Any CPU.ActiveCfg = Release|Any CPU
		{E6897440-7F41-47B1-B2D4-D94C4FD2B419}.Release|Any CPU.Build.0 = Release|Any CPU
	EndGlobalSection
	GlobalSection(SolutionProperties) = preSolution
		HideSolutionNode = FALSE
	EndGlobalSection
	GlobalSection(ExtensibilityGlobals) = postSolution
		SolutionGuid = {80059088-58F4-4301-B601-8E3F3373B653}
	EndGlobalSection
EndGlobal
